PODS:
  - Flutter (1.0.0)
  - path_provider_foundation (0.0.1):
    - Flutter
    - FlutterMacOS
  - peat_flutter (0.0.1):
    - Flutter

DEPENDENCIES:
  - Flutter (from `Flutter`)
  - path_provider_foundation (from `.symlinks/plugins/path_provider_foundation/darwin`)
  - peat_flutter (from `.symlinks/plugins/peat_flutter/ios`)

EXTERNAL SOURCES:
  Flutter:
    :path: Flutter
  path_provider_foundation:
    :path: ".symlinks/plugins/path_provider_foundation/darwin"
  peat_flutter:
    :path: ".symlinks/plugins/peat_flutter/ios"

SPEC CHECKSUMS:
  Flutter: cabc95a1d2626b1b06e7179b784ebcf0c0cde467
  path_provider_foundation: bb55f6dbba17d0dccd6737fe6f7f34fbd0376880
  peat_flutter: dec82360038d123fa09c6c4e0e4ed6a05a6025b6

PODFILE CHECKSUM: c2c51e96deecd527c95b3ef8373882126b77b7ee

COCOAPODS: 1.16.2
